{
    "_meta": {
        "hash": {
            "sha256": "7b63bc8ac270f693c27f377f974c7eba4ac66cf849f229784fb89a0a44c923cf"
        },
        "pipfile-spec": 6,
        "requires": {
            "python_version": "3.14"
        },
        "sources": [
            {
                "name": "pypi",
                "url": "https://pypi.org/simple",
                "verify_ssl": true
            }
        ]
    },
    "default": {
        "markdown-it-py": {
            "hashes": [
                "sha256:87327c59b172c5011896038353a81343b6754500a08cd7a4973bb48c6d578147",
                "sha256:cb0a2b4aa34f932c007117b194e945bd74e0ec24133ceb5bac59009cda1cb9f3"
            ],
            "markers": "python_version >= '3.10'",
            "version": "==4.0.0"
        },
        "mdurl": {
            "hashes": [
                "sha256:84008a41e51615a49fc9966191ff91509e3c40b939176e643fd50a5c2196b8f8",
                "sha256:bb413d29f5eea38f31dd4754dd7377d4465116fb207585f97bf925588687c1ba"
            ],
            "markers": "python_version >= '3.7'",
            "version": "==0.1.2"
        },
        "pygments": {
            "hashes": [
                "sha256:636cb2477cec7f8952536970bc533bc43743542f70392ae026374600add5b887",
                "sha256:86540386c03d588bb81d44bc3928634ff26449851e99741617ecb9037ee5ec0b"
            ],
            "markers": "python_version >= '3.8'",
            "version": "==2.19.2"
        },
        "rich": {
            "hashes": [
                "sha256:793431c1f8619afa7d3b52b2cdec859562b950ea0d4b6b505397612db8d5362d",
                "sha256:b8daa0b9e4eef54dd8cf7c86c03713f53241884e814f4e2f5fb342fe520f639b"
            ],
            "markers": "python_full_version >= '3.8.0'",
            "version": "==14.3.3"
        },
        "rich-argparse": {
            "hashes": [
                "sha256:0559b1f47a19bbeb82bf15f95a057f99bcbbc98385532f57937f9fc57acc501a",
                "sha256:64fd2e948fc96e8a1a06e0e72c111c2ce7f3af74126d75c0f5f63926e7289cd1"
            ],
            "index": "pypi",
            "markers": "python_version >= '3.8'",
            "version": "==1.7.2"
        }
    },
    "develop": {}
}
